
Microsoft Visual Studio Solution File, Format Version 12.00
# Visual Studio 14
VisualStudioVersion = 14.0.23107.0
MinimumVisualStudioVersion = 10.0.40219.1
Project("{FAE04EC0-301F-11D3-BF4B-00C04F79EFBC}") = "Client", "Client\Client.csproj", "{1562CC41-A703-4117-848B-412156F1ABB0}"
EndProject
Project("{FAE04EC0-301F-11D3-BF4B-00C04F79EFBC}") = "Server", "Server\Server.csproj", "{68EAE8FF-DB86-4AFE-ADC2-18D61EAD7C23}"
EndProject
Global
	GlobalSection(SolutionConfigurationPlatforms) = preSolution
		Debug|Any CPU = Debug|Any CPU
		Release|Any CPU = Release|Any CPU
	EndGlobalSection
	GlobalSection(ProjectConfigurationPlatforms) = postSolution
		{1562CC41-A703-4117-848B-412156F1ABB0}.Debug|Any CPU.ActiveCfg = Debug|Any CPU
		{1562CC41-A703-4117-848B-412156F1ABB0}.Debug|Any CPU.Build.0 = Debug|Any CPU
		{1562CC41-A703-4117-848B-412156F1ABB0}.Release|Any CPU.ActiveCfg = Release|Any CPU
		{1562CC41-A703-4117-848B-412156F1ABB0}.Release|Any CPU.Build.0 = Release|Any CPU
		{68EAE8FF-DB86-4AFE-ADC2-18D61EAD7C23}.Debug|Any CPU.ActiveCfg = Debug|Any CPU
		{68EAE8FF-DB86-4AFE-ADC2-18D61EAD7C23}.Debug|Any CPU.Build.0 = Debug|Any CPU
		{68EAE8FF-DB86-4AFE-ADC2-18D61EAD7C23}.Release|Any CPU.ActiveCfg = Release|Any CPU
		{68EAE8FF-DB86-4AFE-ADC2-18D61EAD7C23}.Release|Any CPU.Build.0 = Release|Any CPU
	EndGlobalSection
	GlobalSection(SolutionProperties) = preSolution
		HideSolutionNode = FALSE
	EndGlobalSection
EndGlobal
